// !$*UTF8*$!
{
	archiveVersion = 1;
	classes = {
	};
	objectVersion = 55;
	objects = {

/* Begin PBXBuildFile section */
		1872D37526B97EC700920990 /* AppDelegate.swift in Sources */ = {isa = PBXBuildFile; fileRef = 1872D37426B97EC700920990 /* AppDelegate.swift */; };
		1872D37726B97EC700920990 /* SceneDelegate.swift in Sources */ = {isa = PBXBuildFile; fileRef = 1872D37626B97EC700920990 /* SceneDelegate.swift */; };
		1872D37C26B97EC700920990 /* Main.storyboard in Resources */ = {isa = PBXBuildFile; fileRef = 1872D37A26B97EC700920990 /* Main.storyboard */; };
		1872D37E26B97ECA00920990 /* Assets.xcassets in Resources */ = {isa = PBXBuildFile; fileRef = 1872D37D26B97ECA00920990 /* Assets.xcassets */; };
		1872D38126B97ECA00920990 /* LaunchScreen.storyboard in Resources */ = {isa = PBXBuildFile; fileRef = 1872D37F26B97ECA00920990 /* LaunchScreen.storyboard */; };
		1872D38C26B97ECA00920990 /* NBA3on3Tests.swift in Sources */ = {isa = PBXBuildFile; fileRef = 1872D38B26B97ECA00920990 /* NBA3on3Tests.swift */; };
		1872D39626B97ECA00920990 /* NBA3on3UITests.swift in Sources */ = {isa = PBXBuildFile; fileRef = 1872D39526B97ECA00920990 /* NBA3on3UITests.swift */; };
		1872D3A326B98AE000920990 /* nba3on3ViewController.swift in Sources */ = {isa = PBXBuildFile; fileRef = 1872D3A226B98AE000920990 /* nba3on3ViewController.swift */; };
		1872D3DF26BCDF9D00920990 /* SharpImageView.swift in Sources */ = {isa = PBXBuildFile; fileRef = 1872D3DE26BCDF9D00920990 /* SharpImageView.swift */; };
		1872D3E126BCE5D500920990 /* SharpImageview2.swift in Sources */ = {isa = PBXBuildFile; fileRef = 1872D3E026BCE5D500920990 /* SharpImageview2.swift */; };
		1872D3E726BD667E00920990 /* jf-openhuninn-1.1.ttf in Resources */ = {isa = PBXBuildFile; fileRef = 1872D3E626BD667E00920990 /* jf-openhuninn-1.1.ttf */; };
/* End PBXBuildFile section */

/* Begin PBXContainerItemProxy section */
		1872D38826B97ECA00920990 /* PBXContainerItemProxy */ = {
			isa = PBXContainerItemProxy;
			containerPortal = 1872D36926B97EC700920990 /* Project object */;
			proxyType = 1;
			remoteGlobalIDString = 1872D37026B97EC700920990;
			remoteInfo = NBA3on3;
		};
		1872D39226B97ECA00920990 /* PBXContainerItemProxy */ = {
			isa = PBXContainerItemProxy;
			containerPortal = 1872D36926B97EC700920990 /* Project object */;
			proxyType = 1;
			remoteGlobalIDString = 1872D37026B97EC700920990;
			remoteInfo = NBA3on3;
		};
/* End PBXContainerItemProxy section */

/* Begin PBXFileReference section */
		1872D37126B97EC700920990 /* NBA3on3.app */ = {isa = PBXFileReference; explicitFileType = wrapper.application; includeInIndex = 0; path = NBA3on3.app; sourceTree = BUILT_PRODUCTS_DIR; };
		1872D37426B97EC700920990 /* AppDelegate.swift */ = {isa = PBXFileReference; lastKnownFileType = sourcecode.swift; path = AppDelegate.swift; sourceTree = "<group>"; };
		1872D37626B97EC700920990 /* SceneDelegate.swift */ = {isa = PBXFileReference; lastKnownFileType = sourcecode.swift; path = SceneDelegate.swift; sourceTree = "<group>"; };
		1872D37B26B97EC700920990 /* Base */ = {isa = PBXFileReference; lastKnownFileType = file.storyboard; name = Base; path = Base.lproj/Main.storyboard; sourceTree = "<group>"; };
		1872D37D26B97ECA00920990 /* Assets.xcassets */ = {isa = PBXFileReference; lastKnownFileType = folder.assetcatalog; path = Assets.xcassets; sourceTree = "<group>"; };
		1872D38026B97ECA00920990 /* Base */ = {isa = PBXFileReference; lastKnownFileType = file.storyboard; name = Base; path = Base.lproj/LaunchScreen.storyboard; sourceTree = "<group>"; };
		1872D38226B97ECA00920990 /* Info.plist */ = {isa = PBXFileReference; lastKnownFileType = text.plist.xml; path = Info.plist; sourceTree = "<group>"; };
		1872D38726B97ECA00920990 /* NBA3on3Tests.xctest */ = {isa = PBXFileReference; explicitFileType = wrapper.cfbundle; includeInIndex = 0; path = NBA3on3Tests.xctest; sourceTree = BUILT_PRODUCTS_DIR; };
		1872D38B26B97ECA00920990 /* NBA3on3Tests.swift */ = {isa = PBXFileReference; lastKnownFileType = sourcecode.swift; path = NBA3on3Tests.swift; sourceTree = "<group>"; };
		1872D39126B97ECA00920990 /* NBA3on3UITests.xctest */ = {isa = PBXFileReference; explicitFileType = wrapper.cfbundle; includeInIndex = 0; path = NBA3on3UITests.xctest; sourceTree = BUILT_PRODUCTS_DIR; };
		1872D39526B97ECA00920990 /* NBA3on3UITests.swift */ = {isa = PBXFileReference; lastKnownFileType = sourcecode.swift; path = NBA3on3UITests.swift; sourceTree = "<group>"; };
		1872D3A226B98AE000920990 /* nba3on3ViewController.swift */ = {isa = PBXFileReference; lastKnownFileType = sourcecode.swift; path = nba3on3ViewController.swift; sourceTree = "<group>"; };
		1872D3DE26BCDF9D00920990 /* SharpImageView.swift */ = {isa = PBXFileReference; lastKnownFileType = sourcecode.swift; path = SharpImageView.swift; sourceTree = "<group>"; };
		1872D3E026BCE5D500920990 /* SharpImageview2.swift */ = {isa = PBXFileReference; lastKnownFileType = sourcecode.swift; path = SharpImageview2.swift; sourceTree = "<group>"; };
		1872D3E626BD667E00920990 /* jf-openhuninn-1.1.ttf */ = {isa = PBXFileReference; lastKnownFileType = file; path = "jf-openhuninn-1.1.ttf"; sourceTree = "<group>"; };
/* End PBXFileReference section */

/* Begin PBXFrameworksBuildPhase section */
		1872D36E26B97EC700920990 /* Frameworks */ = {
			isa = PBXFrameworksBuildPhase;
			buildActionMask = 2147483647;
			files = (
			);
			runOnlyForDeploymentPostprocessing = 0;
		};
		1872D38426B97ECA00920990 /* Frameworks */ = {
			isa = PBXFrameworksBuildPhase;
			buildActionMask = 2147483647;
			files = (
			);
			runOnlyForDeploymentPostprocessing = 0;
		};
		1872D38E26B97ECA00920990 /* Frameworks */ = {
			isa = PBXFrameworksBuildPhase;
			buildActionMask = 2147483647;
			files = (
			);
			runOnlyForDeploymentPostprocessing = 0;
		};
/* End PBXFrameworksBuildPhase section */

/* Begin PBXGroup section */
		1872D36826B97EC700920990 = {
			isa = PBXGroup;
			children = (
				1872D37326B97EC700920990 /* NBA3on3 */,
				1872D38A26B97ECA00920990 /* NBA3on3Tests */,
				1872D39426B97ECA00920990 /* NBA3on3UITests */,
				1872D37226B97EC700920990 /* Products */,
			);
			sourceTree = "<group>";
		};
		1872D37226B97EC700920990 /* Products */ = {
			isa = PBXGroup;
			children = (
				1872D37126B97EC700920990 /* NBA3on3.app */,
				1872D38726B97ECA00920990 /* NBA3on3Tests.xctest */,
				1872D39126B97ECA00920990 /* NBA3on3UITests.xctest */,
			);
			name = Products;
			sourceTree = "<group>";
		};
		1872D37326B97EC700920990 /* NBA3on3 */ = {
			isa = PBXGroup;
			children = (
				1872D3E626BD667E00920990 /* jf-openhuninn-1.1.ttf */,
				1872D37426B97EC700920990 /* AppDelegate.swift */,
				1872D37626B97EC700920990 /* SceneDelegate.swift */,
				1872D37A26B97EC700920990 /* Main.storyboard */,
				1872D3DE26BCDF9D00920990 /* SharpImageView.swift */,
				1872D3E026BCE5D500920990 /* SharpImageview2.swift */,
				1872D3A226B98AE000920990 /* nba3on3ViewController.swift */,
				1872D37D26B97ECA00920990 /* Assets.xcassets */,
				1872D37F26B97ECA00920990 /* LaunchScreen.storyboard */,
				1872D38226B97ECA00920990 /* Info.plist */,
			);
			path = NBA3on3;
			sourceTree = "<group>";
		};
		1872D38A26B97ECA00920990 /* NBA3on3Tests */ = {
			isa = PBXGroup;
			children = (
				1872D38B26B97ECA00920990 /* NBA3on3Tests.swift */,
			);
			path = NBA3on3Tests;
			sourceTree = "<group>";
		};
		1872D39426B97ECA00920990 /* NBA3on3UITests */ = {
			isa = PBXGroup;
			children = (
				1872D39526B97ECA00920990 /* NBA3on3UITests.swift */,
			);
			path = NBA3on3UITests;
			sourceTree = "<group>";
		};
/* End PBXGroup section */

/* Begin PBXNativeTarget section */
		1872D37026B97EC700920990 /* NBA3on3 */ = {
			isa = PBXNativeTarget;
			buildConfigurationList = 1872D39926B97ECA00920990 /* Build configuration list for PBXNativeTarget "NBA3on3" */;
			buildPhases = (
				1872D36D26B97EC700920990 /* Sources */,
				1872D36E26B97EC700920990 /* Frameworks */,
				1872D36F26B97EC700920990 /* Resources */,
			);
			buildRules = (
			);
			dependencies = (
			);
			name = NBA3on3;
			productName = NBA3on3;
			productReference = 1872D37126B97EC700920990 /* NBA3on3.app */;
			productType = "com.apple.product-type.application";
		};
		1872D38626B97ECA00920990 /* NBA3on3Tests */ = {
			isa = PBXNativeTarget;
			buildConfigurationList = 1872D39C26B97ECA00920990 /* Build configuration list for PBXNativeTarget "NBA3on3Tests" */;
			buildPhases = (
				1872D38326B97ECA00920990 /* Sources */,
				1872D38426B97ECA00920990 /* Frameworks */,
				1872D38526B97ECA00920990 /* Resources */,
			);
			buildRules = (
			);
			dependencies = (
				1872D38926B97ECA00920990 /* PBXTargetDependency */,
			);
			name = NBA3on3Tests;
			productName = NBA3on3Tests;
			productReference = 1872D38726B97ECA00920990 /* NBA3on3Tests.xctest */;
			productType = "com.apple.product-type.bundle.unit-test";
		};
		1872D39026B97ECA00920990 /* NBA3on3UITests */ = {
			isa = PBXNativeTarget;
			buildConfigurationList = 1872D39F26B97ECA00920990 /* Build configuration list for PBXNativeTarget "NBA3on3UITests" */;
			buildPhases = (
				1872D38D26B97ECA00920990 /* Sources */,
				1872D38E26B97ECA00920990 /* Frameworks */,
				1872D38F26B97ECA00920990 /* Resources */,
			);
			buildRules = (
			);
			dependencies = (
				1872D39326B97ECA00920990 /* PBXTargetDependency */,
			);
			name = NBA3on3UITests;
			productName = NBA3on3UITests;
			productReference = 1872D39126B97ECA00920990 /* NBA3on3UITests.xctest */;
			productType = "com.apple.product-type.bundle.ui-testing";
		};
/* End PBXNativeTarget section */

/* Begin PBXProject section */
		1872D36926B97EC700920990 /* Project object */ = {
			isa = PBXProject;
			attributes = {
				BuildIndependentTargetsInParallel = 1;
				LastSwiftUpdateCheck = 1300;
				LastUpgradeCheck = 1300;
				TargetAttributes = {
					1872D37026B97EC700920990 = {
						CreatedOnToolsVersion = 13.0;
					};
					1872D38626B97ECA00920990 = {
						CreatedOnToolsVersion = 13.0;
						TestTargetID = 1872D37026B97EC700920990;
					};
					1872D39026B97ECA00920990 = {
						CreatedOnToolsVersion = 13.0;
						TestTargetID = 1872D37026B97EC700920990;
					};
				};
			};
			buildConfigurationList = 1872D36C26B97EC700920990 /* Build configuration list for PBXProject "NBA3on3" */;
			compatibilityVersion = "Xcode 13.0";
			developmentRegion = en;
			hasScannedForEncodings = 0;
			knownRegions = (
				en,
				Base,
			);
			mainGroup = 1872D36826B97EC700920990;
			productRefGroup = 1872D37226B97EC700920990 /* Products */;
			projectDirPath = "";
			projectRoot = "";
			targets = (
				1872D37026B97EC700920990 /* NBA3on3 */,
				1872D38626B97ECA00920990 /* NBA3on3Tests */,
				1872D39026B97ECA00920990 /* NBA3on3UITests */,
			);
		};
/* End PBXProject section */

/* Begin PBXResourcesBuildPhase section */
		1872D36F26B97EC700920990 /* Resources */ = {
			isa = PBXResourcesBuildPhase;
			buildActionMask = 2147483647;
			files = (
				1872D38126B97ECA00920990 /* LaunchScreen.storyboard in Resources */,
				1872D3E726BD667E00920990 /* jf-openhuninn-1.1.ttf in Resources */,
				1872D37E26B97ECA00920990 /* Assets.xcassets in Resources */,
				1872D37C26B97EC700920990 /* Main.storyboard in Resources */,
			);
			runOnlyForDeploymentPostprocessing = 0;
		};
		1872D38526B97ECA00920990 /* Resources */ = {
			isa = PBXResourcesBuildPhase;
			buildActionMask = 2147483647;
			files = (
			);
			runOnlyForDeploymentPostprocessing = 0;
		};
		1872D38F26B97ECA00920990 /* Resources */ = {
			isa = PBXResourcesBuildPhase;
			buildActionMask = 2147483647;
			files = (
			);
			runOnlyForDeploymentPostprocessing = 0;
		};
/* End PBXResourcesBuildPhase section */

/* Begin PBXSourcesBuildPhase section */
		1872D36D26B97EC700920990 /* Sources */ = {
			isa = PBXSourcesBuildPhase;
			buildActionMask = 2147483647;
			files = (
				1872D37526B97EC700920990 /* AppDelegate.swift in Sources */,
				1872D37726B97EC700920990 /* SceneDelegate.swift in Sources */,
				1872D3A326B98AE000920990 /* nba3on3ViewController.swift in Sources */,
				1872D3E126BCE5D500920990 /* SharpImageview2.swift in Sources */,
				1872D3DF26BCDF9D00920990 /* SharpImageView.swift in Sources */,
			);
			runOnlyForDeploymentPostprocessing = 0;
		};
		1872D38326B97ECA00920990 /* Sources */ = {
			isa = PBXSourcesBuildPhase;
			buildActionMask = 2147483647;
			files = (
				1872D38C26B97ECA00920990 /* NBA3on3Tests.swift in Sources */,
			);
			runOnlyForDeploymentPostprocessing = 0;
		};
		1872D38D26B97ECA00920990 /* Sources */ = {
			isa = PBXSourcesBuildPhase;
			buildActionMask = 2147483647;
			files = (
				1872D39626B97ECA00920990 /* NBA3on3UITests.swift in Sources */,
			);
			runOnlyForDeploymentPostprocessing = 0;
		};
/* End PBXSourcesBuildPhase section */

/* Begin PBXTargetDependency section */
		1872D38926B97ECA00920990 /* PBXTargetDependency */ = {
			isa = PBXTargetDependency;
			target = 1872D37026B97EC700920990 /* NBA3on3 */;
			targetProxy = 1872D38826B97ECA00920990 /* PBXContainerItemProxy */;
		};
		1872D39326B97ECA00920990 /* PBXTargetDependency */ = {
			isa = PBXTargetDependency;
			target = 1872D37026B97EC700920990 /* NBA3on3 */;
			targetProxy = 1872D39226B97ECA00920990 /* PBXContainerItemProxy */;
		};
/* End PBXTargetDependency section */

/* Begin PBXVariantGroup section */
		1872D37A26B97EC700920990 /* Main.storyboard */ = {
			isa = PBXVariantGroup;
			children = (
				1872D37B26B97EC700920990 /* Base */,
			);
			name = Main.storyboard;
			sourceTree = "<group>";
		};
		1872D37F26B97ECA00920990 /* LaunchScreen.storyboard */ = {
			isa = PBXVariantGroup;
			children = (
				1872D38026B97ECA00920990 /* Base */,
			);
			name = LaunchScreen.storyboard;
			sourceTree = "<group>";
		};
/* End PBXVariantGroup section */

/* Begin XCBuildConfiguration section */
		1872D39726B97ECA00920990 /* Debug */ = {
			isa = XCBuildConfiguration;
			buildSettings = {
				ALWAYS_SEARCH_USER_PATHS = NO;
				CLANG_ANALYZER_NONNULL = YES;
				CLANG_ANALYZER_NUMBER_OBJECT_CONVERSION = YES_AGGRESSIVE;
				CLANG_CXX_LANGUAGE_STANDARD = "gnu++14";
				CLANG_CXX_LIBRARY = "libc++";
				CLANG_ENABLE_MODULES = YES;
				CLANG_ENABLE_OBJC_ARC = YES;
				CLANG_ENABLE_OBJC_WEAK = YES;
				CLANG_WARN_BLOCK_CAPTURE_AUTORELEASING = YES;
				CLANG_WARN_BOOL_CONVERSION = YES;
				CLANG_WARN_COMMA = YES;
				CLANG_WARN_CONSTANT_CONVERSION = YES;
				CLANG_WARN_DEPRECATED_OBJC_IMPLEMENTATIONS = YES;
				CLANG_WARN_DIRECT_OBJC_ISA_USAGE = YES_ERROR;
				CLANG_WARN_DOCUMENTATION_COMMENTS = YES;
				CLANG_WARN_EMPTY_BODY = YES;
				CLANG_WARN_ENUM_CONVERSION = YES;
				CLANG_WARN_INFINITE_RECURSION = YES;
				CLANG_WARN_INT_CONVERSION = YES;
				CLANG_WARN_NON_LITERAL_NULL_CONVERSION = YES;
				CLANG_WARN_OBJC_IMPLICIT_RETAIN_SELF = YES;
				CLANG_WARN_OBJC_LITERAL_CONVERSION = YES;
				CLANG_WARN_OBJC_ROOT_CLASS = YES_ERROR;
				CLANG_WARN_QUOTED_INCLUDE_IN_FRAMEWORK_HEADER = YES;
				CLANG_WARN_RANGE_LOOP_ANALYSIS = YES;
				CLANG_WARN_STRICT_PROTOTYPES = YES;
				CLANG_WARN_SUSPICIOUS_MOVE = YES;
				CLANG_WARN_UNGUARDED_AVAILABILITY = YES_AGGRESSIVE;
				CLANG_WARN_UNREACHABLE_CODE = YES;
				CLANG_WARN__DUPLICATE_METHOD_MATCH = YES;
				COPY_PHASE_STRIP = NO;
				DEBUG_INFORMATION_FORMAT = dwarf;
				ENABLE_STRICT_OBJC_MSGSEND = YES;
				ENABLE_TESTABILITY = YES;
				GCC_C_LANGUAGE_STANDARD = gnu11;
				GCC_DYNAMIC_NO_PIC = NO;
				GCC_NO_COMMON_BLOCKS = YES;
				GCC_OPTIMIZATION_LEVEL = 0;
				GCC_PREPROCESSOR_DEFINITIONS = (
					"DEBUG=1",
					"$(inherited)",
				);
				GCC_WARN_64_TO_32_BIT_CONVERSION = YES;
				GCC_WARN_ABOUT_RETURN_TYPE = YES_ERROR;
				GCC_WARN_UNDECLARED_SELECTOR = YES;
				GCC_WARN_UNINITIALIZED_AUTOS = YES_AGGRESSIVE;
				GCC_WARN_UNUSED_FUNCTION = YES;
				GCC_WARN_UNUSED_VARIABLE = YES;
				IPHONEOS_DEPLOYMENT_TARGET = 15.0;
				MTL_ENABLE_DEBUG_INFO = INCLUDE_SOURCE;
				MTL_FAST_MATH = YES;
				ONLY_ACTIVE_ARCH = YES;
				SDKROOT = iphoneos;
				SWIFT_ACTIVE_COMPILATION_CONDITIONS = DEBUG;
				SWIFT_OPTIMIZATION_LEVEL = "-Onone";
			};
			name = Debug;
		};
		1872D39826B97ECA00920990 /* Release */ = {
			isa = XCBuildConfiguration;
			buildSettings = {
				ALWAYS_SEARCH_USER_PATHS = NO;
				CLANG_ANALYZER_NONNULL = YES;
				CLANG_ANALYZER_NUMBER_OBJECT_CONVERSION = YES_AGGRESSIVE;
				CLANG_CXX_LANGUAGE_STANDARD = "gnu++14";
				CLANG_CXX_LIBRARY = "libc++";
				CLANG_ENABLE_MODULES = YES;
				CLANG_ENABLE_OBJC_ARC = YES;
				CLANG_ENABLE_OBJC_WEAK = YES;
				CLANG_WARN_BLOCK_CAPTURE_AUTORELEASING = YES;
				CLANG_WARN_BOOL_CONVERSION = YES;
				CLANG_WARN_COMMA = YES;
				CLANG_WARN_CONSTANT_CONVERSION = YES;
				CLANG_WARN_DEPRECATED_OBJC_IMPLEMENTATIONS = YES;
				CLANG_WARN_DIRECT_OBJC_ISA_USAGE = YES_ERROR;
				CLANG_WARN_DOCUMENTATION_COMMENTS = YES;
				CLANG_WARN_EMPTY_BODY = YES;
				CLANG_WARN_ENUM_CONVERSION = YES;
				CLANG_WARN_INFINITE_RECURSION = YES;
				CLANG_WARN_INT_CONVERSION = YES;
				CLANG_WARN_NON_LITERAL_NULL_CONVERSION = YES;
				CLANG_WARN_OBJC_IMPLICIT_RETAIN_SELF = YES;
				CLANG_WARN_OBJC_LITERAL_CONVERSION = YES;
				CLANG_WARN_OBJC_ROOT_CLASS = YES_ERROR;
				CLANG_WARN_QUOTED_INCLUDE_IN_FRAMEWORK_HEADER = YES;
				CLANG_WARN_RANGE_LOOP_ANALYSIS = YES;
				CLANG_WARN_STRICT_PROTOTYPES = YES;
				CLANG_WARN_SUSPICIOUS_MOVE = YES;
				CLANG_WARN_UNGUARDED_AVAILABILITY = YES_AGGRESSIVE;
				CLANG_WARN_UNREACHABLE_CODE = YES;
				CLANG_WARN__DUPLICATE_METHOD_MATCH = YES;
				COPY_PHASE_STRIP = NO;
				DEBUG_INFORMATION_FORMAT = "dwarf-with-dsym";
				ENABLE_NS_ASSERTIONS = NO;
				ENABLE_STRICT_OBJC_MSGSEND = YES;
				GCC_C_LANGUAGE_STANDARD = gnu11;
				GCC_NO_COMMON_BLOCKS = YES;
				GCC_WARN_64_TO_32_BIT_CONVERSION = YES;
				GCC_WARN_ABOUT_RETURN_TYPE = YES_ERROR;
				GCC_WARN_UNDECLARED_SELECTOR = YES;
				GCC_WARN_UNINITIALIZED_AUTOS = YES_AGGRESSIVE;
				GCC_WARN_UNUSED_FUNCTION = YES;
				GCC_WARN_UNUSED_VARIABLE = YES;
				IPHONEOS_DEPLOYMENT_TARGET = 15.0;
				MTL_ENABLE_DEBUG_INFO = NO;
				MTL_FAST_MATH = YES;
				SDKROOT = iphoneos;
				SWIFT_COMPILATION_MODE = wholemodule;
				SWIFT_OPTIMIZATION_LEVEL = "-O";
				VALIDATE_PRODUCT = YES;
			};
			name = Release;
		};
		1872D39A26B97ECA00920990 /* Debug */ = {
			isa = XCBuildConfiguration;
			buildSettings = {
				ASSETCATALOG_COMPILER_APPICON_NAME = AppIcon;
				ASSETCATALOG_COMPILER_GLOBAL_ACCENT_COLOR_NAME = AccentColor;
				CODE_SIGN_STYLE = Automatic;
				CURRENT_PROJECT_VERSION = 1;
				DEVELOPMENT_TEAM = RP8B4F6XKA;
				GENERATE_INFOPLIST_FILE = YES;
				INFOPLIST_FILE = NBA3on3/Info.plist;
				INFOPLIST_KEY_CFBundleExecutable = NBA3on3;
				INFOPLIST_KEY_CFBundleName = NBA3on3;
				INFOPLIST_KEY_CFBundleVersion = 1;
				INFOPLIST_KEY_UIApplicationSupportsIndirectInputEvents = YES;
				INFOPLIST_KEY_UILaunchStoryboardName = LaunchScreen;
				INFOPLIST_KEY_UIMainStoryboardFile = Main;
				INFOPLIST_KEY_UISupportedInterfaceOrientations_iPad = "UIInterfaceOrientationPortrait UIInterfaceOrientationPortraitUpsideDown UIInterfaceOrientationLandscapeLeft UIInterfaceOrientationLandscapeRight";
				INFOPLIST_KEY_UISupportedInterfaceOrientations_iPhone = "UIInterfaceOrientationPortrait UIInterfaceOrientationLandscapeLeft UIInterfaceOrientationLandscapeRight";
				LD_RUNPATH_SEARCH_PATHS = (
					"$(inherited)",
					"@executable_path/Frameworks",
				);
				MARKETING_VERSION = 1.0;
				PRODUCT_BUNDLE_IDENTIFIER = com.ayung.NBA3on3;
				PRODUCT_NAME = "$(TARGET_NAME)";
				SWIFT_EMIT_LOC_STRINGS = YES;
				SWIFT_VERSION = 5.0;
				TARGETED_DEVICE_FAMILY = "1,2";
			};
			name = Debug;
		};
		1872D39B26B97ECA00920990 /* Release */ = {
			isa = XCBuildConfiguration;
			buildSettings = {
				ASSETCATALOG_COMPILER_APPICON_NAME = AppIcon;
				ASSETCATALOG_COMPILER_GLOBAL_ACCENT_COLOR_NAME = AccentColor;
				CODE_SIGN_STYLE = Automatic;
				CURRENT_PROJECT_VERSION = 1;
				DEVELOPMENT_TEAM = RP8B4F6XKA;
				GENERATE_INFOPLIST_FILE = YES;
				INFOPLIST_FILE = NBA3on3/Info.plist;
				INFOPLIST_KEY_CFBundleExecutable = NBA3on3;
				INFOPLIST_KEY_CFBundleName = NBA3on3;
				INFOPLIST_KEY_CFBundleVersion = 1;
				INFOPLIST_KEY_UIApplicationSupportsIndirectInputEvents = YES;
				INFOPLIST_KEY_UILaunchStoryboardName = LaunchScreen;
				INFOPLIST_KEY_UIMainStoryboardFile = Main;
				INFOPLIST_KEY_UISupportedInterfaceOrientations_iPad = "UIInterfaceOrientationPortrait UIInterfaceOrientationPortraitUpsideDown UIInterfaceOrientationLandscapeLeft UIInterfaceOrientationLandscapeRight";
				INFOPLIST_KEY_UISupportedInterfaceOrientations_iPhone = "UIInterfaceOrientationPortrait UIInterfaceOrientationLandscapeLeft UIInterfaceOrientationLandscapeRight";
				LD_RUNPATH_SEARCH_PATHS = (
					"$(inherited)",
					"@executable_path/Frameworks",
				);
				MARKETING_VERSION = 1.0;
				PRODUCT_BUNDLE_IDENTIFIER = com.ayung.NBA3on3;
				PRODUCT_NAME = "$(TARGET_NAME)";
				SWIFT_EMIT_LOC_STRINGS = YES;
				SWIFT_VERSION = 5.0;
				TARGETED_DEVICE_FAMILY = "1,2";
			};
			name = Release;
		};
		1872D39D26B97ECA00920990 /* Debug */ = {
			isa = XCBuildConfiguration;
			buildSettings = {
				ALWAYS_EMBED_SWIFT_STANDARD_LIBRARIES = YES;
				BUNDLE_LOADER = "$(TEST_HOST)";
				CODE_SIGN_STYLE = Automatic;
				CURRENT_PROJECT_VERSION = 1;
				DEVELOPMENT_TEAM = RP8B4F6XKA;
				GENERATE_INFOPLIST_FILE = YES;
				IPHONEOS_DEPLOYMENT_TARGET = 15.0;
				LD_RUNPATH_SEARCH_PATHS = (
					"$(inherited)",
					"@executable_path/Frameworks",
					"@loader_path/Frameworks",
				);
				MARKETING_VERSION = 1.0;
				PRODUCT_BUNDLE_IDENTIFIER = com.ayung.NBA3on3Tests;
				PRODUCT_NAME = "$(TARGET_NAME)";
				SWIFT_EMIT_LOC_STRINGS = NO;
				SWIFT_VERSION = 5.0;
				TARGETED_DEVICE_FAMILY = "1,2";
				TEST_HOST = "$(BUILT_PRODUCTS_DIR)/NBA3on3.app/NBA3on3";
			};
			name = Debug;
		};
		1872D39E26B97ECA00920990 /* Release */ = {
			isa = XCBuildConfiguration;
			buildSettings = {
				ALWAYS_EMBED_SWIFT_STANDARD_LIBRARIES = YES;
				BUNDLE_LOADER = "$(TEST_HOST)";
				CODE_SIGN_STYLE = Automatic;
				CURRENT_PROJECT_VERSION = 1;
				DEVELOPMENT_TEAM = RP8B4F6XKA;
				GENERATE_INFOPLIST_FILE = YES;
				IPHONEOS_DEPLOYMENT_TARGET = 15.0;
				LD_RUNPATH_SEARCH_PATHS = (
					"$(inherited)",
					"@executable_path/Frameworks",
					"@loader_path/Frameworks",
				);
				MARKETING_VERSION = 1.0;
				PRODUCT_BUNDLE_IDENTIFIER = com.ayung.NBA3on3Tests;
				PRODUCT_NAME = "$(TARGET_NAME)";
				SWIFT_EMIT_LOC_STRINGS = NO;
				SWIFT_VERSION = 5.0;
				TARGETED_DEVICE_FAMILY = "1,2";
				TEST_HOST = "$(BUILT_PRODUCTS_DIR)/NBA3on3.app/NBA3on3";
			};
			name = Release;
		};
		1872D3A026B97ECA00920990 /* Debug */ = {
			isa = XCBuildConfiguration;
			buildSettings = {
				ALWAYS_EMBED_SWIFT_STANDARD_LIBRARIES = YES;
				CODE_SIGN_STYLE = Automatic;
				CURRENT_PROJECT_VERSION = 1;
				DEVELOPMENT_TEAM = RP8B4F6XKA;
				GENERATE_INFOPLIST_FILE = YES;
				LD_RUNPATH_SEARCH_PATHS = (
					"$(inherited)",
					"@executable_path/Frameworks",
					"@loader_path/Frameworks",
				);
				MARKETING_VERSION = 1.0;
				PRODUCT_BUNDLE_IDENTIFIER = com.ayung.NBA3on3UITests;
				PRODUCT_NAME = "$(TARGET_NAME)";
				SWIFT_EMIT_LOC_STRINGS = NO;
				SWIFT_VERSION = 5.0;
				TARGETED_DEVICE_FAMILY = "1,2";
				TEST_TARGET_NAME = NBA3on3;
			};
			name = Debug;
		};
		1872D3A126B97ECA00920990 /* Release */ = {
			isa = XCBuildConfiguration;
			buildSettings = {
				ALWAYS_EMBED_SWIFT_STANDARD_LIBRARIES = YES;
				CODE_SIGN_STYLE = Automatic;
				CURRENT_PROJECT_VERSION = 1;
				DEVELOPMENT_TEAM = RP8B4F6XKA;
				GENERATE_INFOPLIST_FILE = YES;
				LD_RUNPATH_SEARCH_PATHS = (
					"$(inherited)",
					"@executable_path/Frameworks",
					"@loader_path/Frameworks",
				);
				MARKETING_VERSION = 1.0;
				PRODUCT_BUNDLE_IDENTIFIER = com.ayung.NBA3on3UITests;
				PRODUCT_NAME = "$(TARGET_NAME)";
				SWIFT_EMIT_LOC_STRINGS = NO;
				SWIFT_VERSION = 5.0;
				TARGETED_DEVICE_FAMILY = "1,2";
				TEST_TARGET_NAME = NBA3on3;
			};
			name = Release;
		};
/* End XCBuildConfiguration section */

/* Begin XCConfigurationList section */
		1872D36C26B97EC700920990 /* Build configuration list for PBXProject "NBA3on3" */ = {
			isa = XCConfigurationList;
			buildConfigurations = (
				1872D39726B97ECA00920990 /* Debug */,
				1872D39826B97ECA00920990 /* Release */,
			);
			defaultConfigurationIsVisible = 0;
			defaultConfigurationName = Release;
		};
		1872D39926B97ECA00920990 /* Build configuration list for PBXNativeTarget "NBA3on3" */ = {
			isa = XCConfigurationList;
			buildConfigurations = (
				1872D39A26B97ECA00920990 /* Debug */,
				1872D39B26B97ECA00920990 /* Release */,
			);
			defaultConfigurationIsVisible = 0;
			defaultConfigurationName = Release;
		};
		1872D39C26B97ECA00920990 /* Build configuration list for PBXNativeTarget "NBA3on3Tests" */ = {
			isa = XCConfigurationList;
			buildConfigurations = (
				1872D39D26B97ECA00920990 /* Debug */,
				1872D39E26B97ECA00920990 /* Release */,
			);
			defaultConfigurationIsVisible = 0;
			defaultConfigurationName = Release;
		};
		1872D39F26B97ECA00920990 /* Build configuration list for PBXNativeTarget "NBA3on3UITests" */ = {
			isa = XCConfigurationList;
			buildConfigurations = (
				1872D3A026B97ECA00920990 /* Debug */,
				1872D3A126B97ECA00920990 /* Release */,
			);
			defaultConfigurationIsVisible = 0;
			defaultConfigurationName = Release;
		};
/* End XCConfigurationList section */
	};
	rootObject = 1872D36926B97EC700920990 /* Project object */;
}
